# THIS IS AN AUTOGENERATED FILE. DO NOT EDIT THIS FILE DIRECTLY.
# yarn lockfile v1


ansi-colors@^4.1.1:
  version "4.1.1"
  resolved "https://registry.yarnpkg.com/ansi-colors/-/ansi-colors-4.1.1.tgz#cbb9ae256bf750af1eab344f229aa27fe94ba348"
  integrity sha512-JoX0apGbHaUJBNl6yF+p6JAFYZ666/hhCGKN5t9QFjbJQKUU/g8MNbFDbvfrgKXvI1QpZplPOnwIo99lX/AAmA==

term-size@^2.2.1:
  version "2.2.1"
  resolved "https://registry.yarnpkg.com/term-size/-/term-size-2.2.1.tgz#2a6a54840432c2fb6320fea0f415531e90189f54"
  integrity sha512-wK0Ri4fOGjv/XPy8SBHZChl8CM7uMc5VML7SqiQ0zG7+J5Vr+RMQDoHa2CNT6KHUnTGIXH34UDMkPzAUyapBZg==

word-wrap@^1.2.3:
  version "1.2.3"
  resolved "https://registry.yarnpkg.com/word-wrap/-/word-wrap-1.2.3.tgz#610636f6b1f703891bd34771ccb17fb93b47079c"
  integrity sha512-Hz/mrNwitNRh/HUAtM/VT/5VH+ygD6DV7mYKZAtHOrbs8U7lvPS6xf7EJKMF0uW1KJCl0H701g3ZGus+muE5vQ==

yargs-parser@^20.2.7:
  version "20.2.7"
  resolved "https://registry.yarnpkg.com/yargs-parser/-/yargs-parser-20.2.7.tgz#61df85c113edfb5a7a4e36eb8aa60ef423cbc90a"
  integrity sha512-FiNkvbeHzB/syOjIUxFDCnhSfzAL8R5vs40MgLFBorXACCOAEaWu0gRZl14vG8MR9AOJIZbmkjhusqBYZ3HTHw==
